
Microsoft Visual Studio Solution File, Format Version 11.00
# Visual Studio 2010
Project("{FAE04EC0-301F-11D3-BF4B-00C04F79EFBC}") = "SharpGameLib", "SharpGameLib\SharpGameLib.csproj", "{E335D76B-0D4F-45B4-88E6-2794E43EE870}"
EndProject
Global
	GlobalSection(SolutionConfigurationPlatforms) = preSolution
		Debug|Any CPU = Debug|Any CPU
		Release|Any CPU = Release|Any CPU
	EndGlobalSection
	GlobalSection(ProjectConfigurationPlatforms) = postSolution
		{E335D76B-0D4F-45B4-88E6-2794E43EE870}.Debug|Any CPU.ActiveCfg = Debug|Any CPU
		{E335D76B-0D4F-45B4-88E6-2794E43EE870}.Debug|Any CPU.Build.0 = Debug|Any CPU
		{E335D76B-0D4F-45B4-88E6-2794E43EE870}.Release|Any CPU.ActiveCfg = Release|Any CPU
		{E335D76B-0D4F-45B4-88E6-2794E43EE870}.Release|Any CPU.Build.0 = Release|Any CPU
	EndGlobalSection
EndGlobal
